
Microsoft Visual Studio Solution File, Format Version 12.00
# Visual Studio Version 16
VisualStudioVersion = 16.0.30204.135
MinimumVisualStudioVersion = 10.0.40219.1
Project("{FAE04EC0-301F-11D3-BF4B-00C04F79EFBC}") = "Restaurateur", "Restaurateur\Restaurateur.csproj", "{75C071FE-B031-4284-849B-1F4D2417CD8E}"
EndProject
Project("{FAE04EC0-301F-11D3-BF4B-00C04F79EFBC}") = "RestaurateurTest", "RestaurateurTest\RestaurateurTest.csproj", "{DDB2EF29-81D3-4957-B513-A37C1DE67DF5}"
EndProject
Global
	GlobalSection(SolutionConfigurationPlatforms) = preSolution
		Debug|Any CPU = Debug|Any CPU
		Release|Any CPU = Release|Any CPU
	EndGlobalSection
	GlobalSection(ProjectConfigurationPlatforms) = postSolution
		{75C071FE-B031-4284-849B-1F4D2417CD8E}.Debug|Any CPU.ActiveCfg = Debug|Any CPU
		{75C071FE-B031-4284-849B-1F4D2417CD8E}.Debug|Any CPU.Build.0 = Debug|Any CPU
		{75C071FE-B031-4284-849B-1F4D2417CD8E}.Release|Any CPU.ActiveCfg = Release|Any CPU
		{75C071FE-B031-4284-849B-1F4D2417CD8E}.Release|Any CPU.Build.0 = Release|Any CPU
		{DDB2EF29-81D3-4957-B513-A37C1DE67DF5}.Debug|Any CPU.ActiveCfg = Debug|Any CPU
		{DDB2EF29-81D3-4957-B513-A37C1DE67DF5}.Debug|Any CPU.Build.0 = Debug|Any CPU
		{DDB2EF29-81D3-4957-B513-A37C1DE67DF5}.Release|Any CPU.ActiveCfg = Release|Any CPU
		{DDB2EF29-81D3-4957-B513-A37C1DE67DF5}.Release|Any CPU.Build.0 = Release|Any CPU
	EndGlobalSection
	GlobalSection(SolutionProperties) = preSolution
		HideSolutionNode = FALSE
	EndGlobalSection
	GlobalSection(ExtensibilityGlobals) = postSolution
		SolutionGuid = {FEEC580B-EF90-481B-9EC4-DC5E4667600B}
	EndGlobalSection
EndGlobal
